
Microsoft Visual Studio Solution File, Format Version 12.00
Project("{FAE04EC0-301F-11D3-BF4B-00C04F79EFBC}") = "db2Tester", "db2Tester\db2Tester.csproj", "{130F3944-8E9D-409D-BD31-D13D6F708EA6}"
EndProject
Global
	GlobalSection(SolutionConfigurationPlatforms) = preSolution
		Debug|Any CPU = Debug|Any CPU
		Release|Any CPU = Release|Any CPU
	EndGlobalSection
	GlobalSection(ProjectConfigurationPlatforms) = postSolution
		{130F3944-8E9D-409D-BD31-D13D6F708EA6}.Debug|Any CPU.ActiveCfg = Debug|Any CPU
		{130F3944-8E9D-409D-BD31-D13D6F708EA6}.Debug|Any CPU.Build.0 = Debug|Any CPU
		{130F3944-8E9D-409D-BD31-D13D6F708EA6}.Release|Any CPU.ActiveCfg = Release|Any CPU
		{130F3944-8E9D-409D-BD31-D13D6F708EA6}.Release|Any CPU.Build.0 = Release|Any CPU
	EndGlobalSection
EndGlobal
